
Microsoft Visual Studio Solution File, Format Version 12.00
Project("{FAE04EC0-301F-11D3-BF4B-00C04F79EFBC}") = "ShopAPI", "ShopAPI\ShopAPI.csproj", "{01599521-81FE-4FAF-A1AC-4107D730655A}"
EndProject
Global
	GlobalSection(SolutionConfigurationPlatforms) = preSolution
		Debug|Any CPU = Debug|Any CPU
		Release|Any CPU = Release|Any CPU
	EndGlobalSection
	GlobalSection(ProjectConfigurationPlatforms) = postSolution
		{01599521-81FE-4FAF-A1AC-4107D730655A}.Debug|Any CPU.ActiveCfg = Debug|Any CPU
		{01599521-81FE-4FAF-A1AC-4107D730655A}.Debug|Any CPU.Build.0 = Debug|Any CPU
		{01599521-81FE-4FAF-A1AC-4107D730655A}.Release|Any CPU.ActiveCfg = Release|Any CPU
		{01599521-81FE-4FAF-A1AC-4107D730655A}.Release|Any CPU.Build.0 = Release|Any CPU
	EndGlobalSection
EndGlobal
